<?xml version="1.0" encoding="utf-8"?>
<Project ToolsVersion="4.0" xmlns="http://schemas.microsoft.com/developer/msbuild/2003">
  <ItemGroup>
    <Filter Include="Source Files">
      <UniqueIdentifier>{4FC737F1-C7A5-4376-A066-2A32D752A2FF}</UniqueIdentifier>
      <Extensions>cpp;c;cc;cxx;def;odl;idl;hpj;bat;asm;asmx</Extensions>
    </Filter>
    <Filter Include="Header Files">
      <UniqueIdentifier>{93995380-89BD-4b04-88EB-625FBE52EBFB}</UniqueIdentifier>
      <Extensions>h;hh;hpp;hxx;hm;inl;inc;ipp;xsd</Extensions>
    </Filter>
    <Filter Include="Resource Files">
      <UniqueIdentifier>{67DA6AB6-F800-4c08-8B7A-83BB121AAD01}</UniqueIdentifier>
      <Extensions>rc;ico;cur;bmp;dlg;rc2;rct;bin;rgs;gif;jpg;jpeg;jpe;resx;tiff;tif;png;wav;mfcribbon-ms</Extensions>
    </Filter>
    <Filter Include="Source Files\Api">
      <UniqueIdentifier>{4e50992d-baf5-4bf0-a42f-853fdfa9302f}</UniqueIdentifier>
    </Filter>
    <Filter Include="Source Files\Utils">
      <UniqueIdentifier>{707e1057-0dd2-4b64-b160-b9ff88c9aca6}</UniqueIdentifier>
    </Filter>
    <Filter Include="Source Files\Updater">
      <UniqueIdentifier>{94cac6d3-35a1-41c6-ac38-b46fa1cb97fd}</UniqueIdentifier>
    </Filter>
    <Filter Include="Source Files\Config">
      <UniqueIdentifier>{e0b32aa6-a47e-4bfd-a870-caf95a4c844f}</UniqueIdentifier>
    </Filter>
  </ItemGroup>
  <ItemGroup>
    <ClCompile Include="RealBeastUpdated.cpp">
      <Filter>Source Files</Filter>
    </ClCompile>
    <ClCompile Include="SteamDBApi.cpp">
      <Filter>Source Files\Api</Filter>
    </ClCompile>
    <ClCompile Include="Utils.cpp">
      <Filter>Source Files\Utils</Filter>
    </ClCompile>
    <ClCompile Include="UpdaterApi.cpp">
      <Filter>Source Files\Updater</Filter>
    </ClCompile>
    <ClCompile Include="Config.cpp">
      <Filter>Source Files\Config</Filter>
    </ClCompile>
  </ItemGroup>
  <ItemGroup>
    <ClInclude Include="SteamDBApi.h">
      <Filter>Source Files\Api</Filter>
    </ClInclude>
    <ClInclude Include="Utils.h">
      <Filter>Source Files\Utils</Filter>
    </ClInclude>
    <ClInclude Include="include.h">
      <Filter>Source Files\Utils</Filter>
    </ClInclude>
    <ClInclude Include="UpdaterApi.h">
      <Filter>Source Files\Updater</Filter>
    </ClInclude>
    <ClInclude Include="Config.h">
      <Filter>Source Files\Config</Filter>
    </ClInclude>
  </ItemGroup>
</Project>